// !$*UTF8*$!
{
	archiveVersion = 1;
	classes = {
	};
	objectVersion = 55;
	objects = {

/* Begin PBXBuildFile section */
		591728F627F4957E0080303E /* AppDelegate.swift in Sources */ = {isa = PBXBuildFile; fileRef = 591728F527F4957E0080303E /* AppDelegate.swift */; };
		591728F827F4957E0080303E /* SceneDelegate.swift in Sources */ = {isa = PBXBuildFile; fileRef = 591728F727F4957E0080303E /* SceneDelegate.swift */; };
		591728FF27F4957F0080303E /* Assets.xcassets in Resources */ = {isa = PBXBuildFile; fileRef = 591728FE27F4957F0080303E /* Assets.xcassets */; };
		5917290227F4957F0080303E /* LaunchScreen.storyboard in Resources */ = {isa = PBXBuildFile; fileRef = 5917290027F4957F0080303E /* LaunchScreen.storyboard */; };
		5917291727F4957F0080303E /* BoredAppUITests.swift in Sources */ = {isa = PBXBuildFile; fileRef = 5917291627F4957F0080303E /* BoredAppUITests.swift */; };
		5917291927F4957F0080303E /* BoredAppUITestsLaunchTests.swift in Sources */ = {isa = PBXBuildFile; fileRef = 5917291827F4957F0080303E /* BoredAppUITestsLaunchTests.swift */; };
		5917292B27F49EE50080303E /* Fastfile in Resources */ = {isa = PBXBuildFile; fileRef = 5917292A27F49EE50080303E /* Fastfile */; };
		5917297427F4A0720080303E /* Color+Application.swift in Sources */ = {isa = PBXBuildFile; fileRef = 5917293327F4A0720080303E /* Color+Application.swift */; };
		5917297527F4A0720080303E /* UIView+Subviews.swift in Sources */ = {isa = PBXBuildFile; fileRef = 5917293427F4A0720080303E /* UIView+Subviews.swift */; };
		5917297627F4A0720080303E /* UITableView+Extension.swift in Sources */ = {isa = PBXBuildFile; fileRef = 5917293527F4A0720080303E /* UITableView+Extension.swift */; };
		5917297727F4A0720080303E /* Optional+Unwrap.swift in Sources */ = {isa = PBXBuildFile; fileRef = 5917293727F4A0720080303E /* Optional+Unwrap.swift */; };
		5917297827F4A0720080303E /* Typealiases.swift in Sources */ = {isa = PBXBuildFile; fileRef = 5917293A27F4A0720080303E /* Typealiases.swift */; };
		5917298527F4A0720080303E /* HomeScreenController.xib in Resources */ = {isa = PBXBuildFile; fileRef = 5917295227F4A0720080303E /* HomeScreenController.xib */; };
		5917298627F4A0720080303E /* HomeScreenViewModel.swift in Sources */ = {isa = PBXBuildFile; fileRef = 5917295327F4A0720080303E /* HomeScreenViewModel.swift */; };
		5917298727F4A0720080303E /* HomeScreenController.swift in Sources */ = {isa = PBXBuildFile; fileRef = 5917295427F4A0720080303E /* HomeScreenController.swift */; };
		5917298827F4A0720080303E /* BaseViewController.swift in Sources */ = {isa = PBXBuildFile; fileRef = 5917295627F4A0720080303E /* BaseViewController.swift */; };
		5917298927F4A0720080303E /* BaseViewModel.swift in Sources */ = {isa = PBXBuildFile; fileRef = 5917295727F4A0720080303E /* BaseViewModel.swift */; };
		5917298A27F4A0720080303E /* BaseViewController.xib in Resources */ = {isa = PBXBuildFile; fileRef = 5917295827F4A0720080303E /* BaseViewController.xib */; };
		5917299127F4A0720080303E /* BoredNetworkManager.swift in Sources */ = {isa = PBXBuildFile; fileRef = 5917296527F4A0720080303E /* BoredNetworkManager.swift */; };
		5917299227F4A0720080303E /* BoredService.swift in Sources */ = {isa = PBXBuildFile; fileRef = 5917296627F4A0720080303E /* BoredService.swift */; };
		5917299927F4A0720080303E /* Constants.swift in Sources */ = {isa = PBXBuildFile; fileRef = 5917297227F4A0720080303E /* Constants.swift */; };
		5917299E27F4A6F70080303E /* ActivityModel.swift in Sources */ = {isa = PBXBuildFile; fileRef = 5917299D27F4A6F70080303E /* ActivityModel.swift */; };
		591729A027F4A8D60080303E /* ActivityViewModel.swift in Sources */ = {isa = PBXBuildFile; fileRef = 5917299F27F4A8D60080303E /* ActivityViewModel.swift */; };
		591729A327F4BC9A0080303E /* ActivityCell.swift in Sources */ = {isa = PBXBuildFile; fileRef = 591729A127F4BC9A0080303E /* ActivityCell.swift */; };
		591729A427F4BC9A0080303E /* ActivityCell.xib in Resources */ = {isa = PBXBuildFile; fileRef = 591729A227F4BC9A0080303E /* ActivityCell.xib */; };
		591729A927F4C7120080303E /* ActivityHeaderCellView.swift in Sources */ = {isa = PBXBuildFile; fileRef = 591729A727F4C7120080303E /* ActivityHeaderCellView.swift */; };
		591729AA27F4C7120080303E /* ActivityHeaderCellView.xib in Resources */ = {isa = PBXBuildFile; fileRef = 591729A827F4C7120080303E /* ActivityHeaderCellView.xib */; };
		591729AC27F553730080303E /* ActivityGroupModel.swift in Sources */ = {isa = PBXBuildFile; fileRef = 591729AB27F553730080303E /* ActivityGroupModel.swift */; };
		591729AE27F553FC0080303E /* ActivityGroupViewModel.swift in Sources */ = {isa = PBXBuildFile; fileRef = 591729AD27F553FC0080303E /* ActivityGroupViewModel.swift */; };
		591729B227F5E1050080303E /* DetailScreenViewController.swift in Sources */ = {isa = PBXBuildFile; fileRef = 591729B027F5E1040080303E /* DetailScreenViewController.swift */; };
		591729B327F5E1050080303E /* DetailScreenViewController.xib in Resources */ = {isa = PBXBuildFile; fileRef = 591729B127F5E1040080303E /* DetailScreenViewController.xib */; };
		591729B527F5E1360080303E /* DetailScreenViewModel.swift in Sources */ = {isa = PBXBuildFile; fileRef = 591729B427F5E1360080303E /* DetailScreenViewModel.swift */; };
		591729B927F613F30080303E /* SettingScreenController.swift in Sources */ = {isa = PBXBuildFile; fileRef = 591729B727F613F30080303E /* SettingScreenController.swift */; };
		591729BA27F613F30080303E /* SettingScreenController.xib in Resources */ = {isa = PBXBuildFile; fileRef = 591729B827F613F30080303E /* SettingScreenController.xib */; };
		591729BC27F614130080303E /* SettingScreenViewModel.swift in Sources */ = {isa = PBXBuildFile; fileRef = 591729BB27F614130080303E /* SettingScreenViewModel.swift */; };
		591729C227F6CF0C0080303E /* SettingActivityCell.swift in Sources */ = {isa = PBXBuildFile; fileRef = 591729C027F6CF0C0080303E /* SettingActivityCell.swift */; };
		591729C327F6CF0C0080303E /* SettingActivityCell.xib in Resources */ = {isa = PBXBuildFile; fileRef = 591729C127F6CF0C0080303E /* SettingActivityCell.xib */; };
		591729C727F6D3820080303E /* ActivitySettingViewModel.swift in Sources */ = {isa = PBXBuildFile; fileRef = 591729C627F6D3820080303E /* ActivitySettingViewModel.swift */; };
		591729C927F6EB4B0080303E /* UserDefaultManager.swift in Sources */ = {isa = PBXBuildFile; fileRef = 591729C827F6EB4B0080303E /* UserDefaultManager.swift */; };
		593E672228163A59003FAD22 /* UserDefaultsDataType.swift in Sources */ = {isa = PBXBuildFile; fileRef = 593E672128163A59003FAD22 /* UserDefaultsDataType.swift */; };
		593E672428163A78003FAD22 /* API.swift in Sources */ = {isa = PBXBuildFile; fileRef = 593E672328163A78003FAD22 /* API.swift */; };
		593E67262816400B003FAD22 /* HUD.swift in Sources */ = {isa = PBXBuildFile; fileRef = 593E67252816400B003FAD22 /* HUD.swift */; };
		593E672A28164226003FAD22 /* .swiftlint.yml in Resources */ = {isa = PBXBuildFile; fileRef = 593E672928164226003FAD22 /* .swiftlint.yml */; };
		595B987927F75F1400B085BE /* MockData.swift in Sources */ = {isa = PBXBuildFile; fileRef = 595B987827F75F1400B085BE /* MockData.swift */; };
		595B987E27F7688100B085BE /* BoredNetworkManagerSpec.swift in Sources */ = {isa = PBXBuildFile; fileRef = 595B987D27F7688100B085BE /* BoredNetworkManagerSpec.swift */; };
		595B988127F76EF900B085BE /* UserDefaultManagerSpec.swift in Sources */ = {isa = PBXBuildFile; fileRef = 595B988027F76EF900B085BE /* UserDefaultManagerSpec.swift */; };
		599FA66627FEDC3900C43BE6 /* HomeScreenViewModelSpec.swift in Sources */ = {isa = PBXBuildFile; fileRef = 599FA66527FEDC3900C43BE6 /* HomeScreenViewModelSpec.swift */; };
		599FA66827FEDED100C43BE6 /* MockBoredNetworkManager.swift in Sources */ = {isa = PBXBuildFile; fileRef = 599FA66727FEDED100C43BE6 /* MockBoredNetworkManager.swift */; };
		599FA66A27FEDF2B00C43BE6 /* MockUserDefaultManager.swift in Sources */ = {isa = PBXBuildFile; fileRef = 599FA66927FEDF2B00C43BE6 /* MockUserDefaultManager.swift */; };
		6A2A965077F63BC498E6D570 /* Pods_BoredAppTests.framework in Frameworks */ = {isa = PBXBuildFile; fileRef = 7E1B2DDF89C7DBCC3C5D7B8B /* Pods_BoredAppTests.framework */; };
		D4194D8C75197F08C7E5AC98 /* Pods_BoredApp_BoredAppUITests.framework in Frameworks */ = {isa = PBXBuildFile; fileRef = 386F0F88CF660DF94230F5F0 /* Pods_BoredApp_BoredAppUITests.framework */; };
		DD5692487999A530D5D6BD1A /* Pods_BoredApp.framework in Frameworks */ = {isa = PBXBuildFile; fileRef = EA726C3467E148BA7485E1DD /* Pods_BoredApp.framework */; };
/* End PBXBuildFile section */

/* Begin PBXContainerItemProxy section */
		5917290927F4957F0080303E /* PBXContainerItemProxy */ = {
			isa = PBXContainerItemProxy;
			containerPortal = 591728EA27F4957E0080303E /* Project object */;
			proxyType = 1;
			remoteGlobalIDString = 591728F127F4957E0080303E;
			remoteInfo = BoredApp;
		};
		5917291327F4957F0080303E /* PBXContainerItemProxy */ = {
			isa = PBXContainerItemProxy;
			containerPortal = 591728EA27F4957E0080303E /* Project object */;
			proxyType = 1;
			remoteGlobalIDString = 591728F127F4957E0080303E;
			remoteInfo = BoredApp;
		};
/* End PBXContainerItemProxy section */

/* Begin PBXFileReference section */
		033DA1B50AEB9CCBA96A20F1 /* Pods-BoredApp.debug.xcconfig */ = {isa = PBXFileReference; includeInIndex = 1; lastKnownFileType = text.xcconfig; name = "Pods-BoredApp.debug.xcconfig"; path = "Target Support Files/Pods-BoredApp/Pods-BoredApp.debug.xcconfig"; sourceTree = "<group>"; };
		0B1FD8CE63E59D06F910D64E /* Pods-BoredApp-BoredAppUITests.debug.xcconfig */ = {isa = PBXFileReference; includeInIndex = 1; lastKnownFileType = text.xcconfig; name = "Pods-BoredApp-BoredAppUITests.debug.xcconfig"; path = "Target Support Files/Pods-BoredApp-BoredAppUITests/Pods-BoredApp-BoredAppUITests.debug.xcconfig"; sourceTree = "<group>"; };
		1A147DA8B25C764ED7B73759 /* Pods-BoredAppTests.release.xcconfig */ = {isa = PBXFileReference; includeInIndex = 1; lastKnownFileType = text.xcconfig; name = "Pods-BoredAppTests.release.xcconfig"; path = "Target Support Files/Pods-BoredAppTests/Pods-BoredAppTests.release.xcconfig"; sourceTree = "<group>"; };
		386F0F88CF660DF94230F5F0 /* Pods_BoredApp_BoredAppUITests.framework */ = {isa = PBXFileReference; explicitFileType = wrapper.framework; includeInIndex = 0; path = Pods_BoredApp_BoredAppUITests.framework; sourceTree = BUILT_PRODUCTS_DIR; };
		458F8A474A50D95D617F796D /* Pods-BoredApp.release.xcconfig */ = {isa = PBXFileReference; includeInIndex = 1; lastKnownFileType = text.xcconfig; name = "Pods-BoredApp.release.xcconfig"; path = "Target Support Files/Pods-BoredApp/Pods-BoredApp.release.xcconfig"; sourceTree = "<group>"; };
		591728F227F4957E0080303E /* BoredApp.app */ = {isa = PBXFileReference; explicitFileType = wrapper.application; includeInIndex = 0; path = BoredApp.app; sourceTree = BUILT_PRODUCTS_DIR; };
		591728F527F4957E0080303E /* AppDelegate.swift */ = {isa = PBXFileReference; lastKnownFileType = sourcecode.swift; path = AppDelegate.swift; sourceTree = "<group>"; };
		591728F727F4957E0080303E /* SceneDelegate.swift */ = {isa = PBXFileReference; lastKnownFileType = sourcecode.swift; path = SceneDelegate.swift; sourceTree = "<group>"; };
		591728FE27F4957F0080303E /* Assets.xcassets */ = {isa = PBXFileReference; lastKnownFileType = folder.assetcatalog; path = Assets.xcassets; sourceTree = "<group>"; };
		5917290127F4957F0080303E /* Base */ = {isa = PBXFileReference; lastKnownFileType = file.storyboard; name = Base; path = Base.lproj/LaunchScreen.storyboard; sourceTree = "<group>"; };
		5917290327F4957F0080303E /* Info.plist */ = {isa = PBXFileReference; lastKnownFileType = text.plist.xml; path = Info.plist; sourceTree = "<group>"; };
		5917290827F4957F0080303E /* BoredAppTests.xctest */ = {isa = PBXFileReference; explicitFileType = wrapper.cfbundle; includeInIndex = 0; path = BoredAppTests.xctest; sourceTree = BUILT_PRODUCTS_DIR; };
		5917291227F4957F0080303E /* BoredAppUITests.xctest */ = {isa = PBXFileReference; explicitFileType = wrapper.cfbundle; includeInIndex = 0; path = BoredAppUITests.xctest; sourceTree = BUILT_PRODUCTS_DIR; };
		5917291627F4957F0080303E /* BoredAppUITests.swift */ = {isa = PBXFileReference; lastKnownFileType = sourcecode.swift; path = BoredAppUITests.swift; sourceTree = "<group>"; };
		5917291827F4957F0080303E /* BoredAppUITestsLaunchTests.swift */ = {isa = PBXFileReference; lastKnownFileType = sourcecode.swift; path = BoredAppUITestsLaunchTests.swift; sourceTree = "<group>"; };
		5917292A27F49EE50080303E /* Fastfile */ = {isa = PBXFileReference; fileEncoding = 4; lastKnownFileType = text; name = Fastfile; path = fastlane/Fastfile; sourceTree = SOURCE_ROOT; };
		5917293327F4A0720080303E /* Color+Application.swift */ = {isa = PBXFileReference; fileEncoding = 4; lastKnownFileType = sourcecode.swift; path = "Color+Application.swift"; sourceTree = "<group>"; };
		5917293427F4A0720080303E /* UIView+Subviews.swift */ = {isa = PBXFileReference; fileEncoding = 4; lastKnownFileType = sourcecode.swift; path = "UIView+Subviews.swift"; sourceTree = "<group>"; };
		5917293527F4A0720080303E /* UITableView+Extension.swift */ = {isa = PBXFileReference; fileEncoding = 4; lastKnownFileType = sourcecode.swift; path = "UITableView+Extension.swift"; sourceTree = "<group>"; };
		5917293727F4A0720080303E /* Optional+Unwrap.swift */ = {isa = PBXFileReference; fileEncoding = 4; lastKnownFileType = sourcecode.swift; path = "Optional+Unwrap.swift"; sourceTree = "<group>"; };
		5917293A27F4A0720080303E /* Typealiases.swift */ = {isa = PBXFileReference; fileEncoding = 4; lastKnownFileType = sourcecode.swift; path = Typealiases.swift; sourceTree = "<group>"; };
		5917295227F4A0720080303E /* HomeScreenController.xib */ = {isa = PBXFileReference; fileEncoding = 4; lastKnownFileType = file.xib; path = HomeScreenController.xib; sourceTree = "<group>"; };
		5917295327F4A0720080303E /* HomeScreenViewModel.swift */ = {isa = PBXFileReference; fileEncoding = 4; lastKnownFileType = sourcecode.swift; path = HomeScreenViewModel.swift; sourceTree = "<group>"; };
		5917295427F4A0720080303E /* HomeScreenController.swift */ = {isa = PBXFileReference; fileEncoding = 4; lastKnownFileType = sourcecode.swift; path = HomeScreenController.swift; sourceTree = "<group>"; };
		5917295627F4A0720080303E /* BaseViewController.swift */ = {isa = PBXFileReference; fileEncoding = 4; lastKnownFileType = sourcecode.swift; path = BaseViewController.swift; sourceTree = "<group>"; };
		5917295727F4A0720080303E /* BaseViewModel.swift */ = {isa = PBXFileReference; fileEncoding = 4; lastKnownFileType = sourcecode.swift; path = BaseViewModel.swift; sourceTree = "<group>"; };
		5917295827F4A0720080303E /* BaseViewController.xib */ = {isa = PBXFileReference; fileEncoding = 4; lastKnownFileType = file.xib; path = BaseViewController.xib; sourceTree = "<group>"; };
		5917296527F4A0720080303E /* BoredNetworkManager.swift */ = {isa = PBXFileReference; fileEncoding = 4; lastKnownFileType = sourcecode.swift; path = BoredNetworkManager.swift; sourceTree = "<group>"; };
		5917296627F4A0720080303E /* BoredService.swift */ = {isa = PBXFileReference; fileEncoding = 4; lastKnownFileType = sourcecode.swift; path = BoredService.swift; sourceTree = "<group>"; };
		5917297227F4A0720080303E /* Constants.swift */ = {isa = PBXFileReference; fileEncoding = 4; lastKnownFileType = sourcecode.swift; path = Constants.swift; sourceTree = "<group>"; };
		5917299D27F4A6F70080303E /* ActivityModel.swift */ = {isa = PBXFileReference; lastKnownFileType = sourcecode.swift; path = ActivityModel.swift; sourceTree = "<group>"; };
		5917299F27F4A8D60080303E /* ActivityViewModel.swift */ = {isa = PBXFileReference; lastKnownFileType = sourcecode.swift; path = ActivityViewModel.swift; sourceTree = "<group>"; };
		591729A127F4BC9A0080303E /* ActivityCell.swift */ = {isa = PBXFileReference; lastKnownFileType = sourcecode.swift; path = ActivityCell.swift; sourceTree = "<group>"; };
		591729A227F4BC9A0080303E /* ActivityCell.xib */ = {isa = PBXFileReference; lastKnownFileType = file.xib; path = ActivityCell.xib; sourceTree = "<group>"; };
		591729A727F4C7120080303E /* ActivityHeaderCellView.swift */ = {isa = PBXFileReference; lastKnownFileType = sourcecode.swift; path = ActivityHeaderCellView.swift; sourceTree = "<group>"; };
		591729A827F4C7120080303E /* ActivityHeaderCellView.xib */ = {isa = PBXFileReference; lastKnownFileType = file.xib; path = ActivityHeaderCellView.xib; sourceTree = "<group>"; };
		591729AB27F553730080303E /* ActivityGroupModel.swift */ = {isa = PBXFileReference; lastKnownFileType = sourcecode.swift; path = ActivityGroupModel.swift; sourceTree = "<group>"; };
		591729AD27F553FC0080303E /* ActivityGroupViewModel.swift */ = {isa = PBXFileReference; lastKnownFileType = sourcecode.swift; path = ActivityGroupViewModel.swift; sourceTree = "<group>"; };
		591729B027F5E1040080303E /* DetailScreenViewController.swift */ = {isa = PBXFileReference; lastKnownFileType = sourcecode.swift; path = DetailScreenViewController.swift; sourceTree = "<group>"; };
		591729B127F5E1040080303E /* DetailScreenViewController.xib */ = {isa = PBXFileReference; lastKnownFileType = file.xib; path = DetailScreenViewController.xib; sourceTree = "<group>"; };
		591729B427F5E1360080303E /* DetailScreenViewModel.swift */ = {isa = PBXFileReference; lastKnownFileType = sourcecode.swift; path = DetailScreenViewModel.swift; sourceTree = "<group>"; };
		591729B727F613F30080303E /* SettingScreenController.swift */ = {isa = PBXFileReference; lastKnownFileType = sourcecode.swift; path = SettingScreenController.swift; sourceTree = "<group>"; };
		591729B827F613F30080303E /* SettingScreenController.xib */ = {isa = PBXFileReference; lastKnownFileType = file.xib; path = SettingScreenController.xib; sourceTree = "<group>"; };
		591729BB27F614130080303E /* SettingScreenViewModel.swift */ = {isa = PBXFileReference; lastKnownFileType = sourcecode.swift; path = SettingScreenViewModel.swift; sourceTree = "<group>"; };
		591729C027F6CF0C0080303E /* SettingActivityCell.swift */ = {isa = PBXFileReference; lastKnownFileType = sourcecode.swift; path = SettingActivityCell.swift; sourceTree = "<group>"; };
		591729C127F6CF0C0080303E /* SettingActivityCell.xib */ = {isa = PBXFileReference; lastKnownFileType = file.xib; path = SettingActivityCell.xib; sourceTree = "<group>"; };
		591729C627F6D3820080303E /* ActivitySettingViewModel.swift */ = {isa = PBXFileReference; lastKnownFileType = sourcecode.swift; path = ActivitySettingViewModel.swift; sourceTree = "<group>"; };
		591729C827F6EB4B0080303E /* UserDefaultManager.swift */ = {isa = PBXFileReference; fileEncoding = 4; lastKnownFileType = sourcecode.swift; path = UserDefaultManager.swift; sourceTree = "<group>"; };
		593E672128163A59003FAD22 /* UserDefaultsDataType.swift */ = {isa = PBXFileReference; lastKnownFileType = sourcecode.swift; path = UserDefaultsDataType.swift; sourceTree = "<group>"; };
		593E672328163A78003FAD22 /* API.swift */ = {isa = PBXFileReference; lastKnownFileType = sourcecode.swift; path = API.swift; sourceTree = "<group>"; };
		593E67252816400B003FAD22 /* HUD.swift */ = {isa = PBXFileReference; lastKnownFileType = sourcecode.swift; path = HUD.swift; sourceTree = "<group>"; };
		593E672928164226003FAD22 /* .swiftlint.yml */ = {isa = PBXFileReference; fileEncoding = 4; lastKnownFileType = text.yaml; path = .swiftlint.yml; sourceTree = SOURCE_ROOT; };
		595B987827F75F1400B085BE /* MockData.swift */ = {isa = PBXFileReference; lastKnownFileType = sourcecode.swift; path = MockData.swift; sourceTree = "<group>"; };
		595B987D27F7688100B085BE /* BoredNetworkManagerSpec.swift */ = {isa = PBXFileReference; lastKnownFileType = sourcecode.swift; path = BoredNetworkManagerSpec.swift; sourceTree = "<group>"; };
		595B988027F76EF900B085BE /* UserDefaultManagerSpec.swift */ = {isa = PBXFileReference; lastKnownFileType = sourcecode.swift; path = UserDefaultManagerSpec.swift; sourceTree = "<group>"; };
		599FA66527FEDC3900C43BE6 /* HomeScreenViewModelSpec.swift */ = {isa = PBXFileReference; lastKnownFileType = sourcecode.swift; path = HomeScreenViewModelSpec.swift; sourceTree = "<group>"; };
		599FA66727FEDED100C43BE6 /* MockBoredNetworkManager.swift */ = {isa = PBXFileReference; lastKnownFileType = sourcecode.swift; path = MockBoredNetworkManager.swift; sourceTree = "<group>"; };
		599FA66927FEDF2B00C43BE6 /* MockUserDefaultManager.swift */ = {isa = PBXFileReference; lastKnownFileType = sourcecode.swift; path = MockUserDefaultManager.swift; sourceTree = "<group>"; };
		7E1B2DDF89C7DBCC3C5D7B8B /* Pods_BoredAppTests.framework */ = {isa = PBXFileReference; explicitFileType = wrapper.framework; includeInIndex = 0; path = Pods_BoredAppTests.framework; sourceTree = BUILT_PRODUCTS_DIR; };
		876190E23234BC92FEB5AAD7 /* Pods-BoredApp-BoredAppUITests.release.xcconfig */ = {isa = PBXFileReference; includeInIndex = 1; lastKnownFileType = text.xcconfig; name = "Pods-BoredApp-BoredAppUITests.release.xcconfig"; path = "Target Support Files/Pods-BoredApp-BoredAppUITests/Pods-BoredApp-BoredAppUITests.release.xcconfig"; sourceTree = "<group>"; };
		EA726C3467E148BA7485E1DD /* Pods_BoredApp.framework */ = {isa = PBXFileReference; explicitFileType = wrapper.framework; includeInIndex = 0; path = Pods_BoredApp.framework; sourceTree = BUILT_PRODUCTS_DIR; };
		FF53B3B8DBC5D2538AD36E68 /* Pods-BoredAppTests.debug.xcconfig */ = {isa = PBXFileReference; includeInIndex = 1; lastKnownFileType = text.xcconfig; name = "Pods-BoredAppTests.debug.xcconfig"; path = "Target Support Files/Pods-BoredAppTests/Pods-BoredAppTests.debug.xcconfig"; sourceTree = "<group>"; };
/* End PBXFileReference section */

/* Begin PBXFrameworksBuildPhase section */
		591728EF27F4957E0080303E /* Frameworks */ = {
			isa = PBXFrameworksBuildPhase;
			buildActionMask = 2147483647;
			files = (
				DD5692487999A530D5D6BD1A /* Pods_BoredApp.framework in Frameworks */,
			);
			runOnlyForDeploymentPostprocessing = 0;
		};
		5917290527F4957F0080303E /* Frameworks */ = {
			isa = PBXFrameworksBuildPhase;
			buildActionMask = 2147483647;
			files = (
				6A2A965077F63BC498E6D570 /* Pods_BoredAppTests.framework in Frameworks */,
			);
			runOnlyForDeploymentPostprocessing = 0;
		};
		5917290F27F4957F0080303E /* Frameworks */ = {
			isa = PBXFrameworksBuildPhase;
			buildActionMask = 2147483647;
			files = (
				D4194D8C75197F08C7E5AC98 /* Pods_BoredApp_BoredAppUITests.framework in Frameworks */,
			);
			runOnlyForDeploymentPostprocessing = 0;
		};
/* End PBXFrameworksBuildPhase section */

/* Begin PBXGroup section */
		591728E927F4957E0080303E = {
			isa = PBXGroup;
			children = (
				591728F427F4957E0080303E /* BoredApp */,
				5917290B27F4957F0080303E /* BoredAppTests */,
				5917291527F4957F0080303E /* BoredAppUITests */,
				591728F327F4957E0080303E /* Products */,
				8835D15906CCBAA1FC34AE46 /* Pods */,
				E7D5D6D1B2095913B5E4508B /* Frameworks */,
			);
			sourceTree = "<group>";
		};
		591728F327F4957E0080303E /* Products */ = {
			isa = PBXGroup;
			children = (
				591728F227F4957E0080303E /* BoredApp.app */,
				5917290827F4957F0080303E /* BoredAppTests.xctest */,
				5917291227F4957F0080303E /* BoredAppUITests.xctest */,
			);
			name = Products;
			sourceTree = "<group>";
		};
		591728F427F4957E0080303E /* BoredApp */ = {
			isa = PBXGroup;
			children = (
				5917292727F49E650080303E /* Configurations */,
				5917292827F49E6E0080303E /* Resources */,
				5917292927F49E830080303E /* Sources */,
			);
			path = BoredApp;
			sourceTree = "<group>";
		};
		5917290B27F4957F0080303E /* BoredAppTests */ = {
			isa = PBXGroup;
			children = (
				595B987627F75EEC00B085BE /* Features */,
				595B987A27F767F200B085BE /* DataSpec */,
			);
			path = BoredAppTests;
			sourceTree = "<group>";
		};
		5917291527F4957F0080303E /* BoredAppUITests */ = {
			isa = PBXGroup;
			children = (
				5917291627F4957F0080303E /* BoredAppUITests.swift */,
				5917291827F4957F0080303E /* BoredAppUITestsLaunchTests.swift */,
			);
			path = BoredAppUITests;
			sourceTree = "<group>";
		};
		5917292727F49E650080303E /* Configurations */ = {
			isa = PBXGroup;
			children = (
				593E6728281641FC003FAD22 /* SwiftLint */,
				5917292C27F49EEB0080303E /* Fastlane */,
				5917292D27F49F330080303E /* Plists */,
			);
			path = Configurations;
			sourceTree = "<group>";
		};
		5917292827F49E6E0080303E /* Resources */ = {
			isa = PBXGroup;
			children = (
				5917292E27F49F6C0080303E /* Assets */,
				5917292F27F49F770080303E /* LaunchScreen */,
			);
			path = Resources;
			sourceTree = "<group>";
		};
		5917292927F49E830080303E /* Sources */ = {
			isa = PBXGroup;
			children = (
				5917293C27F4A0720080303E /* Application */,
				5917293027F4A0720080303E /* Supports */,
				5917297127F4A0720080303E /* Constants */,
				5917296027F4A0720080303E /* Data */,
				5917293D27F4A0720080303E /* Presentation */,
			);
			path = Sources;
			sourceTree = "<group>";
		};
		5917292C27F49EEB0080303E /* Fastlane */ = {
			isa = PBXGroup;
			children = (
				5917292A27F49EE50080303E /* Fastfile */,
			);
			path = Fastlane;
			sourceTree = "<group>";
		};
		5917292D27F49F330080303E /* Plists */ = {
			isa = PBXGroup;
			children = (
				5917290327F4957F0080303E /* Info.plist */,
			);
			path = Plists;
			sourceTree = "<group>";
		};
		5917292E27F49F6C0080303E /* Assets */ = {
			isa = PBXGroup;
			children = (
				591728FE27F4957F0080303E /* Assets.xcassets */,
			);
			path = Assets;
			sourceTree = "<group>";
		};
		5917292F27F49F770080303E /* LaunchScreen */ = {
			isa = PBXGroup;
			children = (
				5917290027F4957F0080303E /* LaunchScreen.storyboard */,
			);
			path = LaunchScreen;
			sourceTree = "<group>";
		};
		5917293027F4A0720080303E /* Supports */ = {
			isa = PBXGroup;
			children = (
				5917293127F4A0720080303E /* Extensions */,
				5917293827F4A0720080303E /* Helpers */,
			);
			path = Supports;
			sourceTree = "<group>";
		};
		5917293127F4A0720080303E /* Extensions */ = {
			isa = PBXGroup;
			children = (
				5917293227F4A0720080303E /* UIKit */,
				5917293627F4A0720080303E /* Foundation */,
			);
			path = Extensions;
			sourceTree = "<group>";
		};
		5917293227F4A0720080303E /* UIKit */ = {
			isa = PBXGroup;
			children = (
				5917293327F4A0720080303E /* Color+Application.swift */,
				5917293427F4A0720080303E /* UIView+Subviews.swift */,
				5917293527F4A0720080303E /* UITableView+Extension.swift */,
			);
			path = UIKit;
			sourceTree = "<group>";
		};
		5917293627F4A0720080303E /* Foundation */ = {
			isa = PBXGroup;
			children = (
				5917293727F4A0720080303E /* Optional+Unwrap.swift */,
			);
			path = Foundation;
			sourceTree = "<group>";
		};
		5917293827F4A0720080303E /* Helpers */ = {
			isa = PBXGroup;
			children = (
				593E6727281641DB003FAD22 /* HUD */,
				5917293927F4A0720080303E /* Typealiases */,
			);
			path = Helpers;
			sourceTree = "<group>";
		};
		5917293927F4A0720080303E /* Typealiases */ = {
			isa = PBXGroup;
			children = (
				5917293A27F4A0720080303E /* Typealiases.swift */,
			);
			path = Typealiases;
			sourceTree = "<group>";
		};
		5917293C27F4A0720080303E /* Application */ = {
			isa = PBXGroup;
			children = (
				591728F527F4957E0080303E /* AppDelegate.swift */,
				591728F727F4957E0080303E /* SceneDelegate.swift */,
			);
			path = Application;
			sourceTree = "<group>";
		};
		5917293D27F4A0720080303E /* Presentation */ = {
			isa = PBXGroup;
			children = (
				5917293E27F4A0720080303E /* Navigator */,
				5917294427F4A0720080303E /* Modules */,
				5917295927F4A0720080303E /* Views */,
			);
			path = Presentation;
			sourceTree = "<group>";
		};
		5917293E27F4A0720080303E /* Navigator */ = {
			isa = PBXGroup;
			children = (
			);
			path = Navigator;
			sourceTree = "<group>";
		};
		5917294427F4A0720080303E /* Modules */ = {
			isa = PBXGroup;
			children = (
				5917295527F4A0720080303E /* Base */,
				5917295127F4A0720080303E /* HomeScreen */,
				591729B627F613C90080303E /* SettingScreen */,
				591729AF27F5E0AC0080303E /* DetailScreen */,
			);
			path = Modules;
			sourceTree = "<group>";
		};
		5917295127F4A0720080303E /* HomeScreen */ = {
			isa = PBXGroup;
			children = (
				5917295327F4A0720080303E /* HomeScreenViewModel.swift */,
				5917295427F4A0720080303E /* HomeScreenController.swift */,
				5917295227F4A0720080303E /* HomeScreenController.xib */,
			);
			path = HomeScreen;
			sourceTree = "<group>";
		};
		5917295527F4A0720080303E /* Base */ = {
			isa = PBXGroup;
			children = (
				5917295727F4A0720080303E /* BaseViewModel.swift */,
				5917295627F4A0720080303E /* BaseViewController.swift */,
				5917295827F4A0720080303E /* BaseViewController.xib */,
			);
			path = Base;
			sourceTree = "<group>";
		};
		5917295927F4A0720080303E /* Views */ = {
			isa = PBXGroup;
			children = (
				591729A627F4C6B80080303E /* HeaderView */,
				591729A527F4C6AB0080303E /* CellView */,
			);
			path = Views;
			sourceTree = "<group>";
		};
		5917296027F4A0720080303E /* Data */ = {
			isa = PBXGroup;
			children = (
				591729CA27F6EB570080303E /* UserDefault */,
				5917296427F4A0720080303E /* Network */,
				5917296E27F4A0720080303E /* Models */,
				5917299C27F4A1460080303E /* ViewModels */,
			);
			path = Data;
			sourceTree = "<group>";
		};
		5917296427F4A0720080303E /* Network */ = {
			isa = PBXGroup;
			children = (
				5917296627F4A0720080303E /* BoredService.swift */,
				5917296527F4A0720080303E /* BoredNetworkManager.swift */,
			);
			path = Network;
			sourceTree = "<group>";
		};
		5917296E27F4A0720080303E /* Models */ = {
			isa = PBXGroup;
			children = (
				5917299D27F4A6F70080303E /* ActivityModel.swift */,
				591729AB27F553730080303E /* ActivityGroupModel.swift */,
			);
			path = Models;
			sourceTree = "<group>";
		};
		5917297127F4A0720080303E /* Constants */ = {
			isa = PBXGroup;
			children = (
				5917297227F4A0720080303E /* Constants.swift */,
				593E672328163A78003FAD22 /* API.swift */,
			);
			path = Constants;
			sourceTree = "<group>";
		};
		5917299C27F4A1460080303E /* ViewModels */ = {
			isa = PBXGroup;
			children = (
				5917299F27F4A8D60080303E /* ActivityViewModel.swift */,
				591729AD27F553FC0080303E /* ActivityGroupViewModel.swift */,
				591729C627F6D3820080303E /* ActivitySettingViewModel.swift */,
			);
			path = ViewModels;
			sourceTree = "<group>";
		};
		591729A527F4C6AB0080303E /* CellView */ = {
			isa = PBXGroup;
			children = (
				591729BF27F6CEA50080303E /* SettingCell */,
				591729BE27F6CE9A0080303E /* ActivityCell */,
			);
			path = CellView;
			sourceTree = "<group>";
		};
		591729A627F4C6B80080303E /* HeaderView */ = {
			isa = PBXGroup;
			children = (
				591729A727F4C7120080303E /* ActivityHeaderCellView.swift */,
				591729A827F4C7120080303E /* ActivityHeaderCellView.xib */,
			);
			path = HeaderView;
			sourceTree = "<group>";
		};
		591729AF27F5E0AC0080303E /* DetailScreen */ = {
			isa = PBXGroup;
			children = (
				591729B427F5E1360080303E /* DetailScreenViewModel.swift */,
				591729B027F5E1040080303E /* DetailScreenViewController.swift */,
				591729B127F5E1040080303E /* DetailScreenViewController.xib */,
			);
			path = DetailScreen;
			sourceTree = "<group>";
		};
		591729B627F613C90080303E /* SettingScreen */ = {
			isa = PBXGroup;
			children = (
				591729BB27F614130080303E /* SettingScreenViewModel.swift */,
				591729B727F613F30080303E /* SettingScreenController.swift */,
				591729B827F613F30080303E /* SettingScreenController.xib */,
			);
			path = SettingScreen;
			sourceTree = "<group>";
		};
		591729BE27F6CE9A0080303E /* ActivityCell */ = {
			isa = PBXGroup;
			children = (
				591729A127F4BC9A0080303E /* ActivityCell.swift */,
				591729A227F4BC9A0080303E /* ActivityCell.xib */,
			);
			path = ActivityCell;
			sourceTree = "<group>";
		};
		591729BF27F6CEA50080303E /* SettingCell */ = {
			isa = PBXGroup;
			children = (
				591729C027F6CF0C0080303E /* SettingActivityCell.swift */,
				591729C127F6CF0C0080303E /* SettingActivityCell.xib */,
			);
			path = SettingCell;
			sourceTree = "<group>";
		};
		591729CA27F6EB570080303E /* UserDefault */ = {
			isa = PBXGroup;
			children = (
				593E672128163A59003FAD22 /* UserDefaultsDataType.swift */,
				591729C827F6EB4B0080303E /* UserDefaultManager.swift */,
			);
			path = UserDefault;
			sourceTree = "<group>";
		};
		593E6727281641DB003FAD22 /* HUD */ = {
			isa = PBXGroup;
			children = (
				593E67252816400B003FAD22 /* HUD.swift */,
			);
			path = HUD;
			sourceTree = "<group>";
		};
		593E6728281641FC003FAD22 /* SwiftLint */ = {
			isa = PBXGroup;
			children = (
				593E672928164226003FAD22 /* .swiftlint.yml */,
			);
			path = SwiftLint;
			sourceTree = "<group>";
		};
		595B987627F75EEC00B085BE /* Features */ = {
			isa = PBXGroup;
			children = (
				595B987727F75EFC00B085BE /* MockData */,
			);
			path = Features;
			sourceTree = "<group>";
		};
		595B987727F75EFC00B085BE /* MockData */ = {
			isa = PBXGroup;
			children = (
				595B987827F75F1400B085BE /* MockData.swift */,
				599FA66727FEDED100C43BE6 /* MockBoredNetworkManager.swift */,
				599FA66927FEDF2B00C43BE6 /* MockUserDefaultManager.swift */,
			);
			path = MockData;
			sourceTree = "<group>";
		};
		595B987A27F767F200B085BE /* DataSpec */ = {
			isa = PBXGroup;
			children = (
				595B987F27F76EDB00B085BE /* UserDefaultSpec */,
				595B987B27F7681C00B085BE /* NetworkSpec */,
				599FA66427FEDC2300C43BE6 /* ViewModelSpec */,
			);
			path = DataSpec;
			sourceTree = "<group>";
		};
		595B987B27F7681C00B085BE /* NetworkSpec */ = {
			isa = PBXGroup;
			children = (
				595B987D27F7688100B085BE /* BoredNetworkManagerSpec.swift */,
			);
			path = NetworkSpec;
			sourceTree = "<group>";
		};
		595B987F27F76EDB00B085BE /* UserDefaultSpec */ = {
			isa = PBXGroup;
			children = (
				595B988027F76EF900B085BE /* UserDefaultManagerSpec.swift */,
			);
			path = UserDefaultSpec;
			sourceTree = "<group>";
		};
		599FA66427FEDC2300C43BE6 /* ViewModelSpec */ = {
			isa = PBXGroup;
			children = (
				599FA66527FEDC3900C43BE6 /* HomeScreenViewModelSpec.swift */,
			);
			path = ViewModelSpec;
			sourceTree = "<group>";
		};
		8835D15906CCBAA1FC34AE46 /* Pods */ = {
			isa = PBXGroup;
			children = (
				033DA1B50AEB9CCBA96A20F1 /* Pods-BoredApp.debug.xcconfig */,
				458F8A474A50D95D617F796D /* Pods-BoredApp.release.xcconfig */,
				0B1FD8CE63E59D06F910D64E /* Pods-BoredApp-BoredAppUITests.debug.xcconfig */,
				876190E23234BC92FEB5AAD7 /* Pods-BoredApp-BoredAppUITests.release.xcconfig */,
				FF53B3B8DBC5D2538AD36E68 /* Pods-BoredAppTests.debug.xcconfig */,
				1A147DA8B25C764ED7B73759 /* Pods-BoredAppTests.release.xcconfig */,
			);
			path = Pods;
			sourceTree = "<group>";
		};
		E7D5D6D1B2095913B5E4508B /* Frameworks */ = {
			isa = PBXGroup;
			children = (
				EA726C3467E148BA7485E1DD /* Pods_BoredApp.framework */,
				386F0F88CF660DF94230F5F0 /* Pods_BoredApp_BoredAppUITests.framework */,
				7E1B2DDF89C7DBCC3C5D7B8B /* Pods_BoredAppTests.framework */,
			);
			name = Frameworks;
			sourceTree = "<group>";
		};
/* End PBXGroup section */

/* Begin PBXNativeTarget section */
		591728F127F4957E0080303E /* BoredApp */ = {
			isa = PBXNativeTarget;
			buildConfigurationList = 5917291C27F4957F0080303E /* Build configuration list for PBXNativeTarget "BoredApp" */;
			buildPhases = (
				141E4D77E5ED5006BAB4D5B3 /* [CP] Check Pods Manifest.lock */,
				591728EE27F4957E0080303E /* Sources */,
				591728EF27F4957E0080303E /* Frameworks */,
				591728F027F4957E0080303E /* Resources */,
				2AFFBE6272CB5FB096544D9B /* [CP] Embed Pods Frameworks */,
				5917292627F499440080303E /* SwiftLint */,
			);
			buildRules = (
			);
			dependencies = (
			);
			name = BoredApp;
			productName = BoredApp;
			productReference = 591728F227F4957E0080303E /* BoredApp.app */;
			productType = "com.apple.product-type.application";
		};
		5917290727F4957F0080303E /* BoredAppTests */ = {
			isa = PBXNativeTarget;
			buildConfigurationList = 5917291F27F4957F0080303E /* Build configuration list for PBXNativeTarget "BoredAppTests" */;
			buildPhases = (
				DD9F51B8BDDE4F8133C95DE7 /* [CP] Check Pods Manifest.lock */,
				5917290427F4957F0080303E /* Sources */,
				5917290527F4957F0080303E /* Frameworks */,
				5917290627F4957F0080303E /* Resources */,
				EB2AA458E00C79DB161CE490 /* [CP] Embed Pods Frameworks */,
			);
			buildRules = (
			);
			dependencies = (
				5917290A27F4957F0080303E /* PBXTargetDependency */,
			);
			name = BoredAppTests;
			productName = BoredAppTests;
			productReference = 5917290827F4957F0080303E /* BoredAppTests.xctest */;
			productType = "com.apple.product-type.bundle.unit-test";
		};
		5917291127F4957F0080303E /* BoredAppUITests */ = {
			isa = PBXNativeTarget;
			buildConfigurationList = 5917292227F4957F0080303E /* Build configuration list for PBXNativeTarget "BoredAppUITests" */;
			buildPhases = (
				AFA5E8082E28E10C9228A97D /* [CP] Check Pods Manifest.lock */,
				5917290E27F4957F0080303E /* Sources */,
				5917290F27F4957F0080303E /* Frameworks */,
				5917291027F4957F0080303E /* Resources */,
				E9663513734DEC5544196BB1 /* [CP] Embed Pods Frameworks */,
			);
			buildRules = (
			);
			dependencies = (
				5917291427F4957F0080303E /* PBXTargetDependency */,
			);
			name = BoredAppUITests;
			productName = BoredAppUITests;
			productReference = 5917291227F4957F0080303E /* BoredAppUITests.xctest */;
			productType = "com.apple.product-type.bundle.ui-testing";
		};
/* End PBXNativeTarget section */

/* Begin PBXProject section */
		591728EA27F4957E0080303E /* Project object */ = {
			isa = PBXProject;
			attributes = {
				BuildIndependentTargetsInParallel = 1;
				LastSwiftUpdateCheck = 1320;
				LastUpgradeCheck = 1320;
				TargetAttributes = {
					591728F127F4957E0080303E = {
						CreatedOnToolsVersion = 13.2;
					};
					5917290727F4957F0080303E = {
						CreatedOnToolsVersion = 13.2;
						TestTargetID = 591728F127F4957E0080303E;
					};
					5917291127F4957F0080303E = {
						CreatedOnToolsVersion = 13.2;
						TestTargetID = 591728F127F4957E0080303E;
					};
				};
			};
			buildConfigurationList = 591728ED27F4957E0080303E /* Build configuration list for PBXProject "BoredApp" */;
			compatibilityVersion = "Xcode 13.0";
			developmentRegion = en;
			hasScannedForEncodings = 0;
			knownRegions = (
				en,
				Base,
			);
			mainGroup = 591728E927F4957E0080303E;
			productRefGroup = 591728F327F4957E0080303E /* Products */;
			projectDirPath = "";
			projectRoot = "";
			targets = (
				591728F127F4957E0080303E /* BoredApp */,
				5917290727F4957F0080303E /* BoredAppTests */,
				5917291127F4957F0080303E /* BoredAppUITests */,
			);
		};
/* End PBXProject section */

/* Begin PBXResourcesBuildPhase section */
		591728F027F4957E0080303E /* Resources */ = {
			isa = PBXResourcesBuildPhase;
			buildActionMask = 2147483647;
			files = (
				5917298A27F4A0720080303E /* BaseViewController.xib in Resources */,
				591729B327F5E1050080303E /* DetailScreenViewController.xib in Resources */,
				591729BA27F613F30080303E /* SettingScreenController.xib in Resources */,
				5917290227F4957F0080303E /* LaunchScreen.storyboard in Resources */,
				591728FF27F4957F0080303E /* Assets.xcassets in Resources */,
				591729AA27F4C7120080303E /* ActivityHeaderCellView.xib in Resources */,
				5917292B27F49EE50080303E /* Fastfile in Resources */,
				591729A427F4BC9A0080303E /* ActivityCell.xib in Resources */,
				5917298527F4A0720080303E /* HomeScreenController.xib in Resources */,
				591729C327F6CF0C0080303E /* SettingActivityCell.xib in Resources */,
				593E672A28164226003FAD22 /* .swiftlint.yml in Resources */,
			);
			runOnlyForDeploymentPostprocessing = 0;
		};
		5917290627F4957F0080303E /* Resources */ = {
			isa = PBXResourcesBuildPhase;
			buildActionMask = 2147483647;
			files = (
			);
			runOnlyForDeploymentPostprocessing = 0;
		};
		5917291027F4957F0080303E /* Resources */ = {
			isa = PBXResourcesBuildPhase;
			buildActionMask = 2147483647;
			files = (
			);
			runOnlyForDeploymentPostprocessing = 0;
		};
/* End PBXResourcesBuildPhase section */

/* Begin PBXShellScriptBuildPhase section */
		141E4D77E5ED5006BAB4D5B3 /* [CP] Check Pods Manifest.lock */ = {
			isa = PBXShellScriptBuildPhase;
			buildActionMask = 2147483647;
			files = (
			);
			inputFileListPaths = (
			);
			inputPaths = (
				"${PODS_PODFILE_DIR_PATH}/Podfile.lock",
				"${PODS_ROOT}/Manifest.lock",
			);
			name = "[CP] Check Pods Manifest.lock";
			outputFileListPaths = (
			);
			outputPaths = (
				"$(DERIVED_FILE_DIR)/Pods-BoredApp-checkManifestLockResult.txt",
			);
			runOnlyForDeploymentPostprocessing = 0;
			shellPath = /bin/sh;
			shellScript = "diff \"${PODS_PODFILE_DIR_PATH}/Podfile.lock\" \"${PODS_ROOT}/Manifest.lock\" > /dev/null\nif [ $? != 0 ] ; then\n    # print error to STDERR\n    echo \"error: The sandbox is not in sync with the Podfile.lock. Run 'pod install' or update your CocoaPods installation.\" >&2\n    exit 1\nfi\n# This output is used by Xcode 'outputs' to avoid re-running this script phase.\necho \"SUCCESS\" > \"${SCRIPT_OUTPUT_FILE_0}\"\n";
			showEnvVarsInLog = 0;
		};
		2AFFBE6272CB5FB096544D9B /* [CP] Embed Pods Frameworks */ = {
			isa = PBXShellScriptBuildPhase;
			buildActionMask = 2147483647;
			files = (
			);
			inputFileListPaths = (
				"${PODS_ROOT}/Target Support Files/Pods-BoredApp/Pods-BoredApp-frameworks-${CONFIGURATION}-input-files.xcfilelist",
			);
			name = "[CP] Embed Pods Frameworks";
			outputFileListPaths = (
				"${PODS_ROOT}/Target Support Files/Pods-BoredApp/Pods-BoredApp-frameworks-${CONFIGURATION}-output-files.xcfilelist",
			);
			runOnlyForDeploymentPostprocessing = 0;
			shellPath = /bin/sh;
			shellScript = "\"${PODS_ROOT}/Target Support Files/Pods-BoredApp/Pods-BoredApp-frameworks.sh\"\n";
			showEnvVarsInLog = 0;
		};
		5917292627F499440080303E /* SwiftLint */ = {
			isa = PBXShellScriptBuildPhase;
			buildActionMask = 2147483647;
			files = (
			);
			inputFileListPaths = (
			);
			inputPaths = (
			);
			name = SwiftLint;
			outputFileListPaths = (
			);
			outputPaths = (
			);
			runOnlyForDeploymentPostprocessing = 0;
			shellPath = /bin/sh;
			shellScript = "\"${PODS_ROOT}/SwiftLint/swiftlint\"\n";
		};
		AFA5E8082E28E10C9228A97D /* [CP] Check Pods Manifest.lock */ = {
			isa = PBXShellScriptBuildPhase;
			buildActionMask = 2147483647;
			files = (
			);
			inputFileListPaths = (
			);
			inputPaths = (
				"${PODS_PODFILE_DIR_PATH}/Podfile.lock",
				"${PODS_ROOT}/Manifest.lock",
			);
			name = "[CP] Check Pods Manifest.lock";
			outputFileListPaths = (
			);
			outputPaths = (
				"$(DERIVED_FILE_DIR)/Pods-BoredApp-BoredAppUITests-checkManifestLockResult.txt",
			);
			runOnlyForDeploymentPostprocessing = 0;
			shellPath = /bin/sh;
			shellScript = "diff \"${PODS_PODFILE_DIR_PATH}/Podfile.lock\" \"${PODS_ROOT}/Manifest.lock\" > /dev/null\nif [ $? != 0 ] ; then\n    # print error to STDERR\n    echo \"error: The sandbox is not in sync with the Podfile.lock. Run 'pod install' or update your CocoaPods installation.\" >&2\n    exit 1\nfi\n# This output is used by Xcode 'outputs' to avoid re-running this script phase.\necho \"SUCCESS\" > \"${SCRIPT_OUTPUT_FILE_0}\"\n";
			showEnvVarsInLog = 0;
		};
		DD9F51B8BDDE4F8133C95DE7 /* [CP] Check Pods Manifest.lock */ = {
			isa = PBXShellScriptBuildPhase;
			buildActionMask = 2147483647;
			files = (
			);
			inputFileListPaths = (
			);
			inputPaths = (
				"${PODS_PODFILE_DIR_PATH}/Podfile.lock",
				"${PODS_ROOT}/Manifest.lock",
			);
			name = "[CP] Check Pods Manifest.lock";
			outputFileListPaths = (
			);
			outputPaths = (
				"$(DERIVED_FILE_DIR)/Pods-BoredAppTests-checkManifestLockResult.txt",
			);
			runOnlyForDeploymentPostprocessing = 0;
			shellPath = /bin/sh;
			shellScript = "diff \"${PODS_PODFILE_DIR_PATH}/Podfile.lock\" \"${PODS_ROOT}/Manifest.lock\" > /dev/null\nif [ $? != 0 ] ; then\n    # print error to STDERR\n    echo \"error: The sandbox is not in sync with the Podfile.lock. Run 'pod install' or update your CocoaPods installation.\" >&2\n    exit 1\nfi\n# This output is used by Xcode 'outputs' to avoid re-running this script phase.\necho \"SUCCESS\" > \"${SCRIPT_OUTPUT_FILE_0}\"\n";
			showEnvVarsInLog = 0;
		};
		E9663513734DEC5544196BB1 /* [CP] Embed Pods Frameworks */ = {
			isa = PBXShellScriptBuildPhase;
			buildActionMask = 2147483647;
			files = (
			);
			inputFileListPaths = (
				"${PODS_ROOT}/Target Support Files/Pods-BoredApp-BoredAppUITests/Pods-BoredApp-BoredAppUITests-frameworks-${CONFIGURATION}-input-files.xcfilelist",
			);
			name = "[CP] Embed Pods Frameworks";
			outputFileListPaths = (
				"${PODS_ROOT}/Target Support Files/Pods-BoredApp-BoredAppUITests/Pods-BoredApp-BoredAppUITests-frameworks-${CONFIGURATION}-output-files.xcfilelist",
			);
			runOnlyForDeploymentPostprocessing = 0;
			shellPath = /bin/sh;
			shellScript = "\"${PODS_ROOT}/Target Support Files/Pods-BoredApp-BoredAppUITests/Pods-BoredApp-BoredAppUITests-frameworks.sh\"\n";
			showEnvVarsInLog = 0;
		};
		EB2AA458E00C79DB161CE490 /* [CP] Embed Pods Frameworks */ = {
			isa = PBXShellScriptBuildPhase;
			buildActionMask = 2147483647;
			files = (
			);
			inputFileListPaths = (
				"${PODS_ROOT}/Target Support Files/Pods-BoredAppTests/Pods-BoredAppTests-frameworks-${CONFIGURATION}-input-files.xcfilelist",
			);
			name = "[CP] Embed Pods Frameworks";
			outputFileListPaths = (
				"${PODS_ROOT}/Target Support Files/Pods-BoredAppTests/Pods-BoredAppTests-frameworks-${CONFIGURATION}-output-files.xcfilelist",
			);
			runOnlyForDeploymentPostprocessing = 0;
			shellPath = /bin/sh;
			shellScript = "\"${PODS_ROOT}/Target Support Files/Pods-BoredAppTests/Pods-BoredAppTests-frameworks.sh\"\n";
			showEnvVarsInLog = 0;
		};
/* End PBXShellScriptBuildPhase section */

/* Begin PBXSourcesBuildPhase section */
		591728EE27F4957E0080303E /* Sources */ = {
			isa = PBXSourcesBuildPhase;
			buildActionMask = 2147483647;
			files = (
				591729B227F5E1050080303E /* DetailScreenViewController.swift in Sources */,
				591729BC27F614130080303E /* SettingScreenViewModel.swift in Sources */,
				591729C727F6D3820080303E /* ActivitySettingViewModel.swift in Sources */,
				5917298627F4A0720080303E /* HomeScreenViewModel.swift in Sources */,
				5917298927F4A0720080303E /* BaseViewModel.swift in Sources */,
				5917297827F4A0720080303E /* Typealiases.swift in Sources */,
				5917297427F4A0720080303E /* Color+Application.swift in Sources */,
				591729A327F4BC9A0080303E /* ActivityCell.swift in Sources */,
				5917299227F4A0720080303E /* BoredService.swift in Sources */,
				5917298827F4A0720080303E /* BaseViewController.swift in Sources */,
				591729A027F4A8D60080303E /* ActivityViewModel.swift in Sources */,
				591729B927F613F30080303E /* SettingScreenController.swift in Sources */,
				5917299127F4A0720080303E /* BoredNetworkManager.swift in Sources */,
				591729A927F4C7120080303E /* ActivityHeaderCellView.swift in Sources */,
				593E672428163A78003FAD22 /* API.swift in Sources */,
				591729B527F5E1360080303E /* DetailScreenViewModel.swift in Sources */,
				591729C227F6CF0C0080303E /* SettingActivityCell.swift in Sources */,
				591728F627F4957E0080303E /* AppDelegate.swift in Sources */,
				5917299927F4A0720080303E /* Constants.swift in Sources */,
				591728F827F4957E0080303E /* SceneDelegate.swift in Sources */,
				591729AE27F553FC0080303E /* ActivityGroupViewModel.swift in Sources */,
				593E67262816400B003FAD22 /* HUD.swift in Sources */,
				5917297727F4A0720080303E /* Optional+Unwrap.swift in Sources */,
				5917299E27F4A6F70080303E /* ActivityModel.swift in Sources */,
				591729AC27F553730080303E /* ActivityGroupModel.swift in Sources */,
				5917298727F4A0720080303E /* HomeScreenController.swift in Sources */,
				593E672228163A59003FAD22 /* UserDefaultsDataType.swift in Sources */,
				591729C927F6EB4B0080303E /* UserDefaultManager.swift in Sources */,
				5917297527F4A0720080303E /* UIView+Subviews.swift in Sources */,
				5917297627F4A0720080303E /* UITableView+Extension.swift in Sources */,
			);
			runOnlyForDeploymentPostprocessing = 0;
		};
		5917290427F4957F0080303E /* Sources */ = {
			isa = PBXSourcesBuildPhase;
			buildActionMask = 2147483647;
			files = (
				599FA66627FEDC3900C43BE6 /* HomeScreenViewModelSpec.swift in Sources */,
				595B987E27F7688100B085BE /* BoredNetworkManagerSpec.swift in Sources */,
				599FA66827FEDED100C43BE6 /* MockBoredNetworkManager.swift in Sources */,
				595B988127F76EF900B085BE /* UserDefaultManagerSpec.swift in Sources */,
				599FA66A27FEDF2B00C43BE6 /* MockUserDefaultManager.swift in Sources */,
				595B987927F75F1400B085BE /* MockData.swift in Sources */,
			);
			runOnlyForDeploymentPostprocessing = 0;
		};
		5917290E27F4957F0080303E /* Sources */ = {
			isa = PBXSourcesBuildPhase;
			buildActionMask = 2147483647;
			files = (
				5917291927F4957F0080303E /* BoredAppUITestsLaunchTests.swift in Sources */,
				5917291727F4957F0080303E /* BoredAppUITests.swift in Sources */,
			);
			runOnlyForDeploymentPostprocessing = 0;
		};
/* End PBXSourcesBuildPhase section */

/* Begin PBXTargetDependency section */
		5917290A27F4957F0080303E /* PBXTargetDependency */ = {
			isa = PBXTargetDependency;
			target = 591728F127F4957E0080303E /* BoredApp */;
			targetProxy = 5917290927F4957F0080303E /* PBXContainerItemProxy */;
		};
		5917291427F4957F0080303E /* PBXTargetDependency */ = {
			isa = PBXTargetDependency;
			target = 591728F127F4957E0080303E /* BoredApp */;
			targetProxy = 5917291327F4957F0080303E /* PBXContainerItemProxy */;
		};
/* End PBXTargetDependency section */

/* Begin PBXVariantGroup section */
		5917290027F4957F0080303E /* LaunchScreen.storyboard */ = {
			isa = PBXVariantGroup;
			children = (
				5917290127F4957F0080303E /* Base */,
			);
			name = LaunchScreen.storyboard;
			sourceTree = "<group>";
		};
/* End PBXVariantGroup section */

/* Begin XCBuildConfiguration section */
		5917291A27F4957F0080303E /* Debug */ = {
			isa = XCBuildConfiguration;
			buildSettings = {
				ALWAYS_SEARCH_USER_PATHS = NO;
				CLANG_ANALYZER_NONNULL = YES;
				CLANG_ANALYZER_NUMBER_OBJECT_CONVERSION = YES_AGGRESSIVE;
				CLANG_CXX_LANGUAGE_STANDARD = "gnu++17";
				CLANG_CXX_LIBRARY = "libc++";
				CLANG_ENABLE_MODULES = YES;
				CLANG_ENABLE_OBJC_ARC = YES;
				CLANG_ENABLE_OBJC_WEAK = YES;
				CLANG_WARN_BLOCK_CAPTURE_AUTORELEASING = YES;
				CLANG_WARN_BOOL_CONVERSION = YES;
				CLANG_WARN_COMMA = YES;
				CLANG_WARN_CONSTANT_CONVERSION = YES;
				CLANG_WARN_DEPRECATED_OBJC_IMPLEMENTATIONS = YES;
				CLANG_WARN_DIRECT_OBJC_ISA_USAGE = YES_ERROR;
				CLANG_WARN_DOCUMENTATION_COMMENTS = YES;
				CLANG_WARN_EMPTY_BODY = YES;
				CLANG_WARN_ENUM_CONVERSION = YES;
				CLANG_WARN_INFINITE_RECURSION = YES;
				CLANG_WARN_INT_CONVERSION = YES;
				CLANG_WARN_NON_LITERAL_NULL_CONVERSION = YES;
				CLANG_WARN_OBJC_IMPLICIT_RETAIN_SELF = YES;
				CLANG_WARN_OBJC_LITERAL_CONVERSION = YES;
				CLANG_WARN_OBJC_ROOT_CLASS = YES_ERROR;
				CLANG_WARN_QUOTED_INCLUDE_IN_FRAMEWORK_HEADER = YES;
				CLANG_WARN_RANGE_LOOP_ANALYSIS = YES;
				CLANG_WARN_STRICT_PROTOTYPES = YES;
				CLANG_WARN_SUSPICIOUS_MOVE = YES;
				CLANG_WARN_UNGUARDED_AVAILABILITY = YES_AGGRESSIVE;
				CLANG_WARN_UNREACHABLE_CODE = YES;
				CLANG_WARN__DUPLICATE_METHOD_MATCH = YES;
				COPY_PHASE_STRIP = NO;
				DEBUG_INFORMATION_FORMAT = dwarf;
				ENABLE_STRICT_OBJC_MSGSEND = YES;
				ENABLE_TESTABILITY = YES;
				GCC_C_LANGUAGE_STANDARD = gnu11;
				GCC_DYNAMIC_NO_PIC = NO;
				GCC_NO_COMMON_BLOCKS = YES;
				GCC_OPTIMIZATION_LEVEL = 0;
				GCC_PREPROCESSOR_DEFINITIONS = (
					"DEBUG=1",
					"$(inherited)",
				);
				GCC_WARN_64_TO_32_BIT_CONVERSION = YES;
				GCC_WARN_ABOUT_RETURN_TYPE = YES_ERROR;
				GCC_WARN_UNDECLARED_SELECTOR = YES;
				GCC_WARN_UNINITIALIZED_AUTOS = YES_AGGRESSIVE;
				GCC_WARN_UNUSED_FUNCTION = YES;
				GCC_WARN_UNUSED_VARIABLE = YES;
				IPHONEOS_DEPLOYMENT_TARGET = 13.0;
				MTL_ENABLE_DEBUG_INFO = INCLUDE_SOURCE;
				MTL_FAST_MATH = YES;
				ONLY_ACTIVE_ARCH = YES;
				SDKROOT = iphoneos;
				SWIFT_ACTIVE_COMPILATION_CONDITIONS = DEBUG;
				SWIFT_OPTIMIZATION_LEVEL = "-Onone";
			};
			name = Debug;
		};
		5917291B27F4957F0080303E /* Release */ = {
			isa = XCBuildConfiguration;
			buildSettings = {
				ALWAYS_SEARCH_USER_PATHS = NO;
				CLANG_ANALYZER_NONNULL = YES;
				CLANG_ANALYZER_NUMBER_OBJECT_CONVERSION = YES_AGGRESSIVE;
				CLANG_CXX_LANGUAGE_STANDARD = "gnu++17";
				CLANG_CXX_LIBRARY = "libc++";
				CLANG_ENABLE_MODULES = YES;
				CLANG_ENABLE_OBJC_ARC = YES;
				CLANG_ENABLE_OBJC_WEAK = YES;
				CLANG_WARN_BLOCK_CAPTURE_AUTORELEASING = YES;
				CLANG_WARN_BOOL_CONVERSION = YES;
				CLANG_WARN_COMMA = YES;
				CLANG_WARN_CONSTANT_CONVERSION = YES;
				CLANG_WARN_DEPRECATED_OBJC_IMPLEMENTATIONS = YES;
				CLANG_WARN_DIRECT_OBJC_ISA_USAGE = YES_ERROR;
				CLANG_WARN_DOCUMENTATION_COMMENTS = YES;
				CLANG_WARN_EMPTY_BODY = YES;
				CLANG_WARN_ENUM_CONVERSION = YES;
				CLANG_WARN_INFINITE_RECURSION = YES;
				CLANG_WARN_INT_CONVERSION = YES;
				CLANG_WARN_NON_LITERAL_NULL_CONVERSION = YES;
				CLANG_WARN_OBJC_IMPLICIT_RETAIN_SELF = YES;
				CLANG_WARN_OBJC_LITERAL_CONVERSION = YES;
				CLANG_WARN_OBJC_ROOT_CLASS = YES_ERROR;
				CLANG_WARN_QUOTED_INCLUDE_IN_FRAMEWORK_HEADER = YES;
				CLANG_WARN_RANGE_LOOP_ANALYSIS = YES;
				CLANG_WARN_STRICT_PROTOTYPES = YES;
				CLANG_WARN_SUSPICIOUS_MOVE = YES;
				CLANG_WARN_UNGUARDED_AVAILABILITY = YES_AGGRESSIVE;
				CLANG_WARN_UNREACHABLE_CODE = YES;
				CLANG_WARN__DUPLICATE_METHOD_MATCH = YES;
				COPY_PHASE_STRIP = NO;
				DEBUG_INFORMATION_FORMAT = "dwarf-with-dsym";
				ENABLE_NS_ASSERTIONS = NO;
				ENABLE_STRICT_OBJC_MSGSEND = YES;
				GCC_C_LANGUAGE_STANDARD = gnu11;
				GCC_NO_COMMON_BLOCKS = YES;
				GCC_WARN_64_TO_32_BIT_CONVERSION = YES;
				GCC_WARN_ABOUT_RETURN_TYPE = YES_ERROR;
				GCC_WARN_UNDECLARED_SELECTOR = YES;
				GCC_WARN_UNINITIALIZED_AUTOS = YES_AGGRESSIVE;
				GCC_WARN_UNUSED_FUNCTION = YES;
				GCC_WARN_UNUSED_VARIABLE = YES;
				IPHONEOS_DEPLOYMENT_TARGET = 13.0;
				MTL_ENABLE_DEBUG_INFO = NO;
				MTL_FAST_MATH = YES;
				SDKROOT = iphoneos;
				SWIFT_COMPILATION_MODE = wholemodule;
				SWIFT_OPTIMIZATION_LEVEL = "-O";
				VALIDATE_PRODUCT = YES;
			};
			name = Release;
		};
		5917291D27F4957F0080303E /* Debug */ = {
			isa = XCBuildConfiguration;
			baseConfigurationReference = 033DA1B50AEB9CCBA96A20F1 /* Pods-BoredApp.debug.xcconfig */;
			buildSettings = {
				ASSETCATALOG_COMPILER_APPICON_NAME = AppIcon;
				ASSETCATALOG_COMPILER_GLOBAL_ACCENT_COLOR_NAME = AccentColor;
				CODE_SIGN_IDENTITY = "Apple Development";
				CODE_SIGN_STYLE = Manual;
				CURRENT_PROJECT_VERSION = 1;
				DEVELOPMENT_TEAM = "";
				GENERATE_INFOPLIST_FILE = YES;
				INFOPLIST_FILE = BoredApp/Configurations/Plists/Info.plist;
				INFOPLIST_KEY_CFBundleDisplayName = "Bored App";
				INFOPLIST_KEY_UIApplicationSupportsIndirectInputEvents = YES;
				INFOPLIST_KEY_UILaunchStoryboardName = LaunchScreen;
				INFOPLIST_KEY_UISupportedInterfaceOrientations = UIInterfaceOrientationPortrait;
				INFOPLIST_KEY_UISupportedInterfaceOrientations_iPad = "UIInterfaceOrientationPortrait UIInterfaceOrientationPortraitUpsideDown UIInterfaceOrientationLandscapeLeft UIInterfaceOrientationLandscapeRight";
				INFOPLIST_KEY_UISupportedInterfaceOrientations_iPhone = "UIInterfaceOrientationPortrait UIInterfaceOrientationLandscapeLeft UIInterfaceOrientationLandscapeRight";
				LD_RUNPATH_SEARCH_PATHS = (
					"$(inherited)",
					"@executable_path/Frameworks",
				);
				MARKETING_VERSION = 1.0;
				PRODUCT_BUNDLE_IDENTIFIER = com.thong.BoredApp;
				PRODUCT_NAME = "$(TARGET_NAME)";
				PROVISIONING_PROFILE_SPECIFIER = "";
				SWIFT_EMIT_LOC_STRINGS = YES;
				SWIFT_VERSION = 5.0;
				TARGETED_DEVICE_FAMILY = 1;
			};
			name = Debug;
		};
		5917291E27F4957F0080303E /* Release */ = {
			isa = XCBuildConfiguration;
			baseConfigurationReference = 458F8A474A50D95D617F796D /* Pods-BoredApp.release.xcconfig */;
			buildSettings = {
				ASSETCATALOG_COMPILER_APPICON_NAME = AppIcon;
				ASSETCATALOG_COMPILER_GLOBAL_ACCENT_COLOR_NAME = AccentColor;
				CODE_SIGN_IDENTITY = "Apple Development";
				CODE_SIGN_STYLE = Manual;
				CURRENT_PROJECT_VERSION = 1;
				DEVELOPMENT_TEAM = "";
				GENERATE_INFOPLIST_FILE = YES;
				INFOPLIST_FILE = BoredApp/Configurations/Plists/Info.plist;
				INFOPLIST_KEY_CFBundleDisplayName = "Bored App";
				INFOPLIST_KEY_UIApplicationSupportsIndirectInputEvents = YES;
				INFOPLIST_KEY_UILaunchStoryboardName = LaunchScreen;
				INFOPLIST_KEY_UISupportedInterfaceOrientations = UIInterfaceOrientationPortrait;
				INFOPLIST_KEY_UISupportedInterfaceOrientations_iPad = "UIInterfaceOrientationPortrait UIInterfaceOrientationPortraitUpsideDown UIInterfaceOrientationLandscapeLeft UIInterfaceOrientationLandscapeRight";
				INFOPLIST_KEY_UISupportedInterfaceOrientations_iPhone = "UIInterfaceOrientationPortrait UIInterfaceOrientationLandscapeLeft UIInterfaceOrientationLandscapeRight";
				LD_RUNPATH_SEARCH_PATHS = (
					"$(inherited)",
					"@executable_path/Frameworks",
				);
				MARKETING_VERSION = 1.0;
				PRODUCT_BUNDLE_IDENTIFIER = com.thong.BoredApp;
				PRODUCT_NAME = "$(TARGET_NAME)";
				PROVISIONING_PROFILE_SPECIFIER = "";
				SWIFT_EMIT_LOC_STRINGS = YES;
				SWIFT_VERSION = 5.0;
				TARGETED_DEVICE_FAMILY = 1;
			};
			name = Release;
		};
		5917292027F4957F0080303E /* Debug */ = {
			isa = XCBuildConfiguration;
			baseConfigurationReference = FF53B3B8DBC5D2538AD36E68 /* Pods-BoredAppTests.debug.xcconfig */;
			buildSettings = {
				BUNDLE_LOADER = "$(TEST_HOST)";
				CODE_SIGN_IDENTITY = "Apple Development";
				"CODE_SIGN_IDENTITY[sdk=macosx*]" = "Apple Development";
				CODE_SIGN_STYLE = Manual;
				CURRENT_PROJECT_VERSION = 1;
				DEVELOPMENT_TEAM = "";
				GENERATE_INFOPLIST_FILE = YES;
				IPHONEOS_DEPLOYMENT_TARGET = 13.0;
				MARKETING_VERSION = 1.0;
				PRODUCT_BUNDLE_IDENTIFIER = com.thong.BoredAppTests;
				PRODUCT_NAME = "$(TARGET_NAME)";
				PROVISIONING_PROFILE_SPECIFIER = "";
				"PROVISIONING_PROFILE_SPECIFIER[sdk=macosx*]" = "";
				SWIFT_EMIT_LOC_STRINGS = NO;
				SWIFT_VERSION = 5.0;
				TARGETED_DEVICE_FAMILY = "1,2";
				TEST_HOST = "$(BUILT_PRODUCTS_DIR)/BoredApp.app/BoredApp";
			};
			name = Debug;
		};
		5917292127F4957F0080303E /* Release */ = {
			isa = XCBuildConfiguration;
			baseConfigurationReference = 1A147DA8B25C764ED7B73759 /* Pods-BoredAppTests.release.xcconfig */;
			buildSettings = {
				BUNDLE_LOADER = "$(TEST_HOST)";
				CODE_SIGN_IDENTITY = "Apple Development";
				"CODE_SIGN_IDENTITY[sdk=macosx*]" = "Apple Development";
				CODE_SIGN_STYLE = Manual;
				CURRENT_PROJECT_VERSION = 1;
				DEVELOPMENT_TEAM = "";
				GENERATE_INFOPLIST_FILE = YES;
				IPHONEOS_DEPLOYMENT_TARGET = 13.0;
				MARKETING_VERSION = 1.0;
				PRODUCT_BUNDLE_IDENTIFIER = com.thong.BoredAppTests;
				PRODUCT_NAME = "$(TARGET_NAME)";
				PROVISIONING_PROFILE_SPECIFIER = "";
				"PROVISIONING_PROFILE_SPECIFIER[sdk=macosx*]" = "";
				SWIFT_EMIT_LOC_STRINGS = NO;
				SWIFT_VERSION = 5.0;
				TARGETED_DEVICE_FAMILY = "1,2";
				TEST_HOST = "$(BUILT_PRODUCTS_DIR)/BoredApp.app/BoredApp";
			};
			name = Release;
		};
		5917292327F4957F0080303E /* Debug */ = {
			isa = XCBuildConfiguration;
			baseConfigurationReference = 0B1FD8CE63E59D06F910D64E /* Pods-BoredApp-BoredAppUITests.debug.xcconfig */;
			buildSettings = {
				CODE_SIGN_IDENTITY = "Apple Development";
				"CODE_SIGN_IDENTITY[sdk=macosx*]" = "Apple Development";
				CODE_SIGN_STYLE = Manual;
				CURRENT_PROJECT_VERSION = 1;
				DEVELOPMENT_TEAM = "";
				GENERATE_INFOPLIST_FILE = YES;
				MARKETING_VERSION = 1.0;
				PRODUCT_BUNDLE_IDENTIFIER = com.thong.BoredAppUITests;
				PRODUCT_NAME = "$(TARGET_NAME)";
				PROVISIONING_PROFILE_SPECIFIER = "";
				"PROVISIONING_PROFILE_SPECIFIER[sdk=macosx*]" = "";
				SWIFT_EMIT_LOC_STRINGS = NO;
				SWIFT_VERSION = 5.0;
				TARGETED_DEVICE_FAMILY = "1,2";
				TEST_TARGET_NAME = BoredApp;
			};
			name = Debug;
		};
		5917292427F4957F0080303E /* Release */ = {
			isa = XCBuildConfiguration;
			baseConfigurationReference = 876190E23234BC92FEB5AAD7 /* Pods-BoredApp-BoredAppUITests.release.xcconfig */;
			buildSettings = {
				CODE_SIGN_IDENTITY = "Apple Development";
				"CODE_SIGN_IDENTITY[sdk=macosx*]" = "Apple Development";
				CODE_SIGN_STYLE = Manual;
				CURRENT_PROJECT_VERSION = 1;
				DEVELOPMENT_TEAM = "";
				GENERATE_INFOPLIST_FILE = YES;
				MARKETING_VERSION = 1.0;
				PRODUCT_BUNDLE_IDENTIFIER = com.thong.BoredAppUITests;
				PRODUCT_NAME = "$(TARGET_NAME)";
				PROVISIONING_PROFILE_SPECIFIER = "";
				"PROVISIONING_PROFILE_SPECIFIER[sdk=macosx*]" = "";
				SWIFT_EMIT_LOC_STRINGS = NO;
				SWIFT_VERSION = 5.0;
				TARGETED_DEVICE_FAMILY = "1,2";
				TEST_TARGET_NAME = BoredApp;
			};
			name = Release;
		};
/* End XCBuildConfiguration section */

/* Begin XCConfigurationList section */
		591728ED27F4957E0080303E /* Build configuration list for PBXProject "BoredApp" */ = {
			isa = XCConfigurationList;
			buildConfigurations = (
				5917291A27F4957F0080303E /* Debug */,
				5917291B27F4957F0080303E /* Release */,
			);
			defaultConfigurationIsVisible = 0;
			defaultConfigurationName = Release;
		};
		5917291C27F4957F0080303E /* Build configuration list for PBXNativeTarget "BoredApp" */ = {
			isa = XCConfigurationList;
			buildConfigurations = (
				5917291D27F4957F0080303E /* Debug */,
				5917291E27F4957F0080303E /* Release */,
			);
			defaultConfigurationIsVisible = 0;
			defaultConfigurationName = Release;
		};
		5917291F27F4957F0080303E /* Build configuration list for PBXNativeTarget "BoredAppTests" */ = {
			isa = XCConfigurationList;
			buildConfigurations = (
				5917292027F4957F0080303E /* Debug */,
				5917292127F4957F0080303E /* Release */,
			);
			defaultConfigurationIsVisible = 0;
			defaultConfigurationName = Release;
		};
		5917292227F4957F0080303E /* Build configuration list for PBXNativeTarget "BoredAppUITests" */ = {
			isa = XCConfigurationList;
			buildConfigurations = (
				5917292327F4957F0080303E /* Debug */,
				5917292427F4957F0080303E /* Release */,
			);
			defaultConfigurationIsVisible = 0;
			defaultConfigurationName = Release;
		};
/* End XCConfigurationList section */
	};
	rootObject = 591728EA27F4957E0080303E /* Project object */;
}
